
Microsoft Visual Studio Solution File, Format Version 12.00
# Visual Studio Version 16
VisualStudioVersion = 16.0.28803.452
MinimumVisualStudioVersion = 10.0.40219.1
Project("{9A19103F-16F7-4668-BE54-9A1E7A4F7556}") = "QuestionsApp.Web", "QuestionsApp.Web\QuestionsApp.Web.csproj", "{00D9FCB7-FA9E-4A0F-AACE-DC7F8D0A0F67}"
EndProject
Project("{FAE04EC0-301F-11D3-BF4B-00C04F79EFBC}") = "QuestionsApp.Tests", "QuestionsApp.Tests\QuestionsApp.Tests.csproj", "{8FCA02D1-4431-4A5B-A7F3-33D59BA53460}"
EndProject
Global
	GlobalSection(SolutionConfigurationPlatforms) = preSolution
		Debug|Any CPU = Debug|Any CPU
		Release|Any CPU = Release|Any CPU
	EndGlobalSection
	GlobalSection(ProjectConfigurationPlatforms) = postSolution
		{00D9FCB7-FA9E-4A0F-AACE-DC7F8D0A0F67}.Debug|Any CPU.ActiveCfg = Debug|Any CPU
		{00D9FCB7-FA9E-4A0F-AACE-DC7F8D0A0F67}.Debug|Any CPU.Build.0 = Debug|Any CPU
		{00D9FCB7-FA9E-4A0F-AACE-DC7F8D0A0F67}.Release|Any CPU.ActiveCfg = Release|Any CPU
		{00D9FCB7-FA9E-4A0F-AACE-DC7F8D0A0F67}.Release|Any CPU.Build.0 = Release|Any CPU
		{8FCA02D1-4431-4A5B-A7F3-33D59BA53460}.Debug|Any CPU.ActiveCfg = Debug|Any CPU
		{8FCA02D1-4431-4A5B-A7F3-33D59BA53460}.Debug|Any CPU.Build.0 = Debug|Any CPU
		{8FCA02D1-4431-4A5B-A7F3-33D59BA53460}.Release|Any CPU.ActiveCfg = Release|Any CPU
		{8FCA02D1-4431-4A5B-A7F3-33D59BA53460}.Release|Any CPU.Build.0 = Release|Any CPU
	EndGlobalSection
	GlobalSection(SolutionProperties) = preSolution
		HideSolutionNode = FALSE
	EndGlobalSection
	GlobalSection(ExtensibilityGlobals) = postSolution
		SolutionGuid = {F137F039-765A-4DCA-96F3-4E32A389BA5D}
	EndGlobalSection
EndGlobal
